{
  "version": 4,
  "terraform_version": "1.3.7",
  "serial": 147,
  "lineage": "525183fe-840a-d368-6428-b8799fdb9138",
  "outputs": {
    "sa_private_key": {
      "value": "ewogICJ0eXBlIjogInNlcnZpY2VfYWNjb3VudCIsCiAgInByb2plY3RfaWQiOiAicGFjaWZpYy1kZWNvZGVyLTM4MjcwOSIsCiAgInByaXZhdGVfa2V5X2lkIjogIjVjY2ZjYjM2MzY2ODYzNjAzZDBhMjg0ZWJkZTNkN2NmNzc3NzdhZDEiLAogICJwcml2YXRlX2tleSI6ICItLS0tLUJFR0lOIFBSSVZBVEUgS0VZLS0tLS1cbk1JSUV2Z0lCQURBTkJna3Foa2lHOXcwQkFRRUZBQVNDQktnd2dnU2tBZ0VBQW9JQkFRRE1PZ3JVSXZjTUFDblFcbjdOeUZCV2t2Ym43cXdqTnBVZmRZak13eXZuQndHSFZFU1NtZU1yUlNSYXZ4NFlYZmtjdUpiclR6UjFnMEJpZUJcbkg4UGVKY1dnWHVXN1hmMlU2WEVXT0pXb2pKTnlReHpuOEw4UGdOTDV0cXI0bzNFRUxLazJmYS82L2NTYzBKZ05cbnN6WnJGWGM2SlFPSXBLOHhCM1F6NG51M2JoTEdmb0tmd3Vhc2l5RVFxelBkZm9ldHZMVFhoYkpPRGVpcWl5LzBcbm15cDhLNHpEeVpaVnNXT3lBRUdzQ1VpdkRsaEVXVWg4bmp5VTJYREp5ZHBFWjdITlZHTDl1U0pNTm4yVmRseG1cbkZrZDdGSkVmTkJ6OHFTcjcwQWFNL3NvNlBUTkJTc082UXViTnJUdThNeGJSRThKdEpPUlpEaFZsRmRvSVlwbmhcbklnb0xEaHhQQWdNQkFBRUNnZ0VBS2N5WmFjak1RcGNIOS94NnQva2ZDYmUyWDBzbkpaL0NuY3VYZ2ExTHF3MitcbmRwNzQxeW11a1lZMEJwb3ZnYzQvMTkyaVNJYXFMVit6RnpFT3NEbVA1TjUzYTYxMW1OUmNzbjBiV0hlSk9DSTNcbldOdUQ1MkxwQzNZUk1UbVdpSkd4Z25jZ0hTRnlhOXdmdXZJYXFia25nVzJROXhjcHlrR3B6WExGK29tYmF5ZWNcbmlIN0hLOEkvOUMxMDRKTXBPOUxHWGYwVjhOU2QyN0FlU00waFJqMk5uOGxOWXordmtmMWRKVENCaDhmdC9jZjBcbkl3aHkySE91dWl2aElWai9Dc0JUb1JPNXJ1UXMzQytSWXROdTBCWkJlb1gzYmJvWUdSdTJrQWZZdWxyN2RJVGlcbi9qM1VzWlRtU1pNTGl2amxrRDg2dGFiMktSQ1QwRWVLOG5IOGJUWDZFUUtCZ1FENjl5bitRT2toSXlxZFduWFdcblh5dHpkMXB1UWFvVnJvU3dTS282NCtJSk81VnVlVjNoQ2w2RjIvMURwRUI0bHExRXdVMXRrMkk5WHE2eXZJRHdcblI2MW1SYXE1NUJTSE9Pb3VvTWtiTEZ6amFTYkRXZkhzOFVncndzd2U1UmJrVVYxQjQ5dEl4eFkvV3plb0l5RU9cbjdNUzd2bEZUbEQ0cG4xelZCRi9vVzN3STBRS0JnUURRVXRuU3ZTZ3ZIZzZQNDMvbkdWYW1oYit2QVBUdmJOdWFcbjZ0a0h1d3R4RFJFdHZPa1Z2ZEhUYmY1Y0tUQk0vRE1Ca05iOVlvRUpMMzNESEFkMTY3R3Z6cWZ2SlhycDlYRGRcbnpqZTgyV2lnVHRjVkI2MGoyakQ4SUlxVW5nZytQMFNtY3p0TEJDQkNUc1M3VmNaOVVOR3lsV0Z5Z2F3aEhJTXpcbjFYQyt0eXNiSHdLQmdRQ1pqOFZWT3hpcld4NUhQRVBnVVVtQUZLYnowaUFsdGl5Z3hVWE1WUVpKU2Zrc3FQekZcbnA1ZWc1clE0d0hkbWtpUWhidnBXc3hrb25oZmRiRFNsVWVhTEx0UEJmUXNHbHMvTWlqdWo4ZWhBaW1YYW9OM0VcbmN2c0xNOTI4aGNjVkc2Z3BtaWZpaDFkWW14TWFRYXlIdWw3QzFqaGpJTkZNbktPc0FFcERIajl1RVFLQmdCMVhcbnZpU256aFFzNktJdHlpTXo5M2VIR1VPK0g4SGxsRjBTdlRVUWpJRUU5U2w3RlYyaG1mOXMyOG9CWnpOQXhySnVcbncwbDNhWE53eEFjS1dLYXNaeCs3UFA0N1NqL1ArWERVamhkRWpDOGdTNzFEa29pZFFBOFRTbEc2bkxDZjJyeVRcbk9JUE5kZm5BL0liaWd3MjlwM3UrL0xYVE8vcUIrSjBCY0ZyOGs4N0RBb0dCQU1XWnpnQ2lOMDBCcjltd284WW9cbnRDY0pYc3EvMjl5VHBHY1BRWmhaOTllZW5WcjlwNlVCUmdXaEgrS0dnVjRlblRXYlh5ZWVZQVVxTWJkMkg4OW9cbnBNQ2hpdXE4NjhDbVpUMTZLbDE2WUNpbzVMNlh3ZERFL3RJOFUvZ2cwbkRGMkxlZGdjbEFLbWsyOEsvczZKc0tcbnVDRTh5TG92cjFrRGY1aFVNUWVlRjR6NFxuLS0tLS1FTkQgUFJJVkFURSBLRVktLS0tLVxuIiwKICAiY2xpZW50X2VtYWlsIjogInNhLWdpdGh1Yi1waXBlbGluZS1wcm9qZWN0QHBhY2lmaWMtZGVjb2Rlci0zODI3MDkuaWFtLmdzZXJ2aWNlYWNjb3VudC5jb20iLAogICJjbGllbnRfaWQiOiAiMTAzNDMyMzY3NTMwOTU5OTI4Mzk1IiwKICAiYXV0aF91cmkiOiAiaHR0cHM6Ly9hY2NvdW50cy5nb29nbGUuY29tL28vb2F1dGgyL2F1dGgiLAogICJ0b2tlbl91cmkiOiAiaHR0cHM6Ly9vYXV0aDIuZ29vZ2xlYXBpcy5jb20vdG9rZW4iLAogICJhdXRoX3Byb3ZpZGVyX3g1MDlfY2VydF91cmwiOiAiaHR0cHM6Ly93d3cuZ29vZ2xlYXBpcy5jb20vb2F1dGgyL3YxL2NlcnRzIiwKICAiY2xpZW50X3g1MDlfY2VydF91cmwiOiAiaHR0cHM6Ly93d3cuZ29vZ2xlYXBpcy5jb20vcm9ib3QvdjEvbWV0YWRhdGEveDUwOS9zYS1naXRodWItcGlwZWxpbmUtcHJvamVjdCU0MHBhY2lmaWMtZGVjb2Rlci0zODI3MDkuaWFtLmdzZXJ2aWNlYWNjb3VudC5jb20iCn0K",
      "type": "string",
      "sensitive": true
    }
  },
  "resources": [
    {
      "mode": "data",
      "type": "google_client_openid_userinfo",
      "name": "me",
      "provider": "provider[\"registry.terraform.io/hashicorp/google\"]",
      "instances": [
        {
          "schema_version": 0,
          "attributes": {
            "email": "learndewi@gmail.com",
            "id": "learndewi@gmail.com"
          },
          "sensitive_attributes": []
        }
      ]
    },
    {
      "mode": "managed",
      "type": "google_bigquery_dataset",
      "name": "dev_dataset",
      "provider": "provider[\"registry.terraform.io/hashicorp/google\"]",
      "instances": [
        {
          "schema_version": 0,
          "attributes": {
            "access": [
              {
                "domain": "",
                "group_by_email": "",
                "role": "OWNER",
                "special_group": "",
                "user_by_email": "learndewi@gmail.com",
                "view": []
              },
              {
                "domain": "",
                "group_by_email": "",
                "role": "OWNER",
                "special_group": "projectOwners",
                "user_by_email": "",
                "view": []
              },
              {
                "domain": "",
                "group_by_email": "",
                "role": "READER",
                "special_group": "projectReaders",
                "user_by_email": "",
                "view": []
              },
              {
                "domain": "",
                "group_by_email": "",
                "role": "WRITER",
                "special_group": "projectWriters",
                "user_by_email": "",
                "view": []
              }
            ],
            "creation_time": 1680663745313,
            "dataset_id": "dev_github_events",
            "default_encryption_configuration": [],
            "default_partition_expiration_ms": 0,
            "default_table_expiration_ms": 0,
            "delete_contents_on_destroy": true,
            "description": "",
            "etag": "23xwgF5rx0HjhStHcIrnTQ==",
            "friendly_name": "",
            "id": "projects/pacific-decoder-382709/datasets/dev_github_events",
            "labels": {},
            "last_modified_time": 1680663745313,
            "location": "asia-southeast1",
            "project": "pacific-decoder-382709",
            "self_link": "https://bigquery.googleapis.com/bigquery/v2/projects/pacific-decoder-382709/datasets/dev_github_events",
            "timeouts": null
          },
          "sensitive_attributes": [],
          "private": "eyJlMmJmYjczMC1lY2FhLTExZTYtOGY4OC0zNDM2M2JjN2M0YzAiOnsiY3JlYXRlIjoyNDAwMDAwMDAwMDAsImRlbGV0ZSI6MjQwMDAwMDAwMDAwLCJ1cGRhdGUiOjI0MDAwMDAwMDAwMH19"
        }
      ]
    },
    {
      "mode": "managed",
      "type": "google_bigquery_dataset",
      "name": "prod_dataset",
      "provider": "provider[\"registry.terraform.io/hashicorp/google\"]",
      "instances": [
        {
          "schema_version": 0,
          "attributes": {
            "access": [
              {
                "domain": "",
                "group_by_email": "",
                "role": "OWNER",
                "special_group": "",
                "user_by_email": "learndewi@gmail.com",
                "view": []
              },
              {
                "domain": "",
                "group_by_email": "",
                "role": "OWNER",
                "special_group": "projectOwners",
                "user_by_email": "",
                "view": []
              },
              {
                "domain": "",
                "group_by_email": "",
                "role": "READER",
                "special_group": "projectReaders",
                "user_by_email": "",
                "view": []
              },
              {
                "domain": "",
                "group_by_email": "",
                "role": "WRITER",
                "special_group": "projectWriters",
                "user_by_email": "",
                "view": []
              }
            ],
            "creation_time": 1680663745314,
            "dataset_id": "prod_github_events",
            "default_encryption_configuration": [],
            "default_partition_expiration_ms": 0,
            "default_table_expiration_ms": 0,
            "delete_contents_on_destroy": true,
            "description": "",
            "etag": "XK+0QO0VxWLIQ2NTJvHUfw==",
            "friendly_name": "",
            "id": "projects/pacific-decoder-382709/datasets/prod_github_events",
            "labels": {},
            "last_modified_time": 1680663745314,
            "location": "asia-southeast1",
            "project": "pacific-decoder-382709",
            "self_link": "https://bigquery.googleapis.com/bigquery/v2/projects/pacific-decoder-382709/datasets/prod_github_events",
            "timeouts": null
          },
          "sensitive_attributes": [],
          "private": "eyJlMmJmYjczMC1lY2FhLTExZTYtOGY4OC0zNDM2M2JjN2M0YzAiOnsiY3JlYXRlIjoyNDAwMDAwMDAwMDAsImRlbGV0ZSI6MjQwMDAwMDAwMDAwLCJ1cGRhdGUiOjI0MDAwMDAwMDAwMH19"
        }
      ]
    },
    {
      "mode": "managed",
      "type": "google_bigquery_dataset",
      "name": "raw_dataset",
      "provider": "provider[\"registry.terraform.io/hashicorp/google\"]",
      "instances": [
        {
          "schema_version": 0,
          "attributes": {
            "access": [
              {
                "domain": "",
                "group_by_email": "",
                "role": "OWNER",
                "special_group": "",
                "user_by_email": "learndewi@gmail.com",
                "view": []
              },
              {
                "domain": "",
                "group_by_email": "",
                "role": "OWNER",
                "special_group": "projectOwners",
                "user_by_email": "",
                "view": []
              },
              {
                "domain": "",
                "group_by_email": "",
                "role": "READER",
                "special_group": "projectReaders",
                "user_by_email": "",
                "view": []
              },
              {
                "domain": "",
                "group_by_email": "",
                "role": "WRITER",
                "special_group": "projectWriters",
                "user_by_email": "",
                "view": []
              }
            ],
            "creation_time": 1680663745315,
            "dataset_id": "raw_github_events",
            "default_encryption_configuration": [],
            "default_partition_expiration_ms": 0,
            "default_table_expiration_ms": 0,
            "delete_contents_on_destroy": false,
            "description": "",
            "etag": "jYry7mMPIG1Z14MHXuVnEQ==",
            "friendly_name": "",
            "id": "projects/pacific-decoder-382709/datasets/raw_github_events",
            "labels": {},
            "last_modified_time": 1680663745315,
            "location": "asia-southeast1",
            "project": "pacific-decoder-382709",
            "self_link": "https://bigquery.googleapis.com/bigquery/v2/projects/pacific-decoder-382709/datasets/raw_github_events",
            "timeouts": null
          },
          "sensitive_attributes": [],
          "private": "eyJlMmJmYjczMC1lY2FhLTExZTYtOGY4OC0zNDM2M2JjN2M0YzAiOnsiY3JlYXRlIjoyNDAwMDAwMDAwMDAsImRlbGV0ZSI6MjQwMDAwMDAwMDAwLCJ1cGRhdGUiOjI0MDAwMDAwMDAwMH19"
        }
      ]
    },
    {
      "mode": "managed",
      "type": "google_bigquery_table",
      "name": "table",
      "provider": "provider[\"registry.terraform.io/hashicorp/google\"]",
      "instances": [
        {
          "schema_version": 0,
          "attributes": {
            "clustering": null,
            "creation_time": 1680663890328,
            "dataset_id": "raw_github_events",
            "deletion_protection": false,
            "description": "",
            "encryption_configuration": [],
            "etag": "nVJXFJlnM4ONjbBAsGIPvg==",
            "expiration_time": 0,
            "external_data_configuration": [
              {
                "autodetect": false,
                "compression": "NONE",
                "csv_options": [],
                "google_sheets_options": [],
                "hive_partitioning_options": [
                  {
                    "mode": "CUSTOM",
                    "require_partition_filter": false,
                    "source_uri_prefix": "gs://datalake-github-pipeline_pacific-decoder-382709/data/{year:STRING}/{month:STRING}/{day:STRING}"
                  }
                ],
                "ignore_unknown_values": false,
                "max_bad_records": 0,
                "schema": "",
                "source_format": "PARQUET",
                "source_uris": [
                  "gs://datalake-github-pipeline_pacific-decoder-382709/data/*"
                ]
              }
            ],
            "friendly_name": "",
            "id": "projects/pacific-decoder-382709/datasets/raw_github_events/tables/github_events",
            "labels": null,
            "last_modified_time": 1680663890358,
            "location": "asia-southeast1",
            "materialized_view": [],
            "num_bytes": 0,
            "num_long_term_bytes": 0,
            "num_rows": 0,
            "project": "pacific-decoder-382709",
            "range_partitioning": [],
            "schema": "[{\"mode\":\"NULLABLE\",\"name\":\"id\",\"type\":\"INTEGER\"},{\"mode\":\"NULLABLE\",\"name\":\"type\",\"type\":\"STRING\"},{\"fields\":[{\"mode\":\"NULLABLE\",\"name\":\"avatar_url\",\"type\":\"STRING\"},{\"mode\":\"NULLABLE\",\"name\":\"display_login\",\"type\":\"STRING\"},{\"mode\":\"NULLABLE\",\"name\":\"gravatar_id\",\"type\":\"STRING\"},{\"mode\":\"NULLABLE\",\"name\":\"id\",\"type\":\"INTEGER\"},{\"mode\":\"NULLABLE\",\"name\":\"login\",\"type\":\"STRING\"},{\"mode\":\"NULLABLE\",\"name\":\"url\",\"type\":\"STRING\"}],\"mode\":\"NULLABLE\",\"name\":\"actor\",\"type\":\"RECORD\"},{\"fields\":[{\"mode\":\"NULLABLE\",\"name\":\"id\",\"type\":\"INTEGER\"},{\"mode\":\"NULLABLE\",\"name\":\"name\",\"type\":\"STRING\"},{\"mode\":\"NULLABLE\",\"name\":\"url\",\"type\":\"STRING\"}],\"mode\":\"NULLABLE\",\"name\":\"repo\",\"type\":\"RECORD\"},{\"mode\":\"NULLABLE\",\"name\":\"payload\",\"type\":\"STRING\"},{\"mode\":\"NULLABLE\",\"name\":\"public\",\"type\":\"BOOLEAN\"},{\"mode\":\"NULLABLE\",\"name\":\"created_at\",\"type\":\"TIMESTAMP\"},{\"fields\":[{\"mode\":\"NULLABLE\",\"name\":\"avatar_url\",\"type\":\"STRING\"},{\"mode\":\"NULLABLE\",\"name\":\"gravatar_id\",\"type\":\"STRING\"},{\"mode\":\"NULLABLE\",\"name\":\"id\",\"type\":\"INTEGER\"},{\"mode\":\"NULLABLE\",\"name\":\"login\",\"type\":\"STRING\"},{\"mode\":\"NULLABLE\",\"name\":\"url\",\"type\":\"STRING\"}],\"mode\":\"NULLABLE\",\"name\":\"org\",\"type\":\"RECORD\"},{\"mode\":\"NULLABLE\",\"name\":\"year\",\"type\":\"STRING\"},{\"mode\":\"NULLABLE\",\"name\":\"month\",\"type\":\"STRING\"},{\"mode\":\"NULLABLE\",\"name\":\"day\",\"type\":\"STRING\"}]",
            "self_link": "https://bigquery.googleapis.com/bigquery/v2/projects/pacific-decoder-382709/datasets/raw_github_events/tables/github_events",
            "table_id": "github_events",
            "time_partitioning": [],
            "type": "EXTERNAL",
            "view": []
          },
          "sensitive_attributes": [],
          "private": "bnVsbA==",
          "dependencies": [
            "google_bigquery_dataset.raw_dataset",
            "google_storage_bucket.data-lake-bucket"
          ]
        }
      ]
    },
    {
      "mode": "managed",
      "type": "google_compute_address",
      "name": "static_ip",
      "provider": "provider[\"registry.terraform.io/hashicorp/google\"]",
      "instances": [
        {
          "schema_version": 0,
          "attributes": {
            "address": "34.143.146.14",
            "address_type": "EXTERNAL",
            "creation_timestamp": "2023-04-04T20:04:53.827-07:00",
            "description": "",
            "id": "projects/pacific-decoder-382709/regions/asia-southeast1/addresses/static-github-pipeline",
            "name": "static-github-pipeline",
            "network": "",
            "network_tier": "PREMIUM",
            "prefix_length": 0,
            "project": "pacific-decoder-382709",
            "purpose": "",
            "region": "asia-southeast1",
            "self_link": "https://www.googleapis.com/compute/v1/projects/pacific-decoder-382709/regions/asia-southeast1/addresses/static-github-pipeline",
            "subnetwork": "",
            "timeouts": null,
            "users": []
          },
          "sensitive_attributes": [],
          "private": "eyJlMmJmYjczMC1lY2FhLTExZTYtOGY4OC0zNDM2M2JjN2M0YzAiOnsiY3JlYXRlIjoyNDAwMDAwMDAwMDAsImRlbGV0ZSI6MjQwMDAwMDAwMDAwfX0="
        }
      ]
    },
    {
      "mode": "managed",
      "type": "google_compute_firewall",
      "name": "allow_tcp_ports",
      "provider": "provider[\"registry.terraform.io/hashicorp/google\"]",
      "instances": [
        {
          "schema_version": 1,
          "attributes": {
            "allow": [
              {
                "ports": [
                  "22",
                  "4200"
                ],
                "protocol": "tcp"
              }
            ],
            "creation_timestamp": "2023-04-04T20:05:45.306-07:00",
            "deny": [],
            "description": "",
            "destination_ranges": [],
            "direction": "INGRESS",
            "disabled": false,
            "enable_logging": null,
            "id": "projects/pacific-decoder-382709/global/firewalls/allow-tcp-ports",
            "log_config": [],
            "name": "allow-tcp-ports",
            "network": "https://www.googleapis.com/compute/v1/projects/pacific-decoder-382709/global/networks/vpc-github-pipeline",
            "priority": 1000,
            "project": "pacific-decoder-382709",
            "self_link": "https://www.googleapis.com/compute/v1/projects/pacific-decoder-382709/global/firewalls/allow-tcp-ports",
            "source_ranges": [
              "0.0.0.0/0"
            ],
            "source_service_accounts": null,
            "source_tags": null,
            "target_service_accounts": null,
            "target_tags": [
              "allow-tcp-ports"
            ],
            "timeouts": null
          },
          "sensitive_attributes": [],
          "private": "eyJlMmJmYjczMC1lY2FhLTExZTYtOGY4OC0zNDM2M2JjN2M0YzAiOnsiY3JlYXRlIjoyNDAwMDAwMDAwMDAsImRlbGV0ZSI6MjQwMDAwMDAwMDAwLCJ1cGRhdGUiOjI0MDAwMDAwMDAwMH0sInNjaGVtYV92ZXJzaW9uIjoiMSJ9",
          "dependencies": [
            "google_compute_network.vpc_network"
          ]
        }
      ]
    },
    {
      "mode": "managed",
      "type": "google_compute_instance",
      "name": "default",
      "provider": "provider[\"registry.terraform.io/hashicorp/google\"]",
      "instances": [
        {
          "schema_version": 6,
          "attributes": {
            "advanced_machine_features": [],
            "allow_stopping_for_update": true,
            "attached_disk": [],
            "boot_disk": [
              {
                "auto_delete": true,
                "device_name": "persistent-disk-0",
                "disk_encryption_key_raw": "",
                "disk_encryption_key_sha256": "",
                "initialize_params": [
                  {
                    "image": "https://www.googleapis.com/compute/v1/projects/ubuntu-os-cloud/global/images/ubuntu-2004-focal-v20230302",
                    "labels": {},
                    "size": 30,
                    "type": "pd-standard"
                  }
                ],
                "kms_key_self_link": "",
                "mode": "READ_WRITE",
                "source": "https://www.googleapis.com/compute/v1/projects/pacific-decoder-382709/zones/asia-southeast1-b/disks/vm-github-pipeline"
              }
            ],
            "can_ip_forward": false,
            "confidential_instance_config": [],
            "cpu_platform": "Intel Broadwell",
            "current_status": "RUNNING",
            "deletion_protection": false,
            "description": "",
            "desired_status": null,
            "enable_display": false,
            "guest_accelerator": [],
            "hostname": "",
            "id": "projects/pacific-decoder-382709/zones/asia-southeast1-b/instances/vm-github-pipeline",
            "instance_id": "9021991533259348837",
            "label_fingerprint": "42WmSpB8rSM=",
            "labels": null,
            "machine_type": "e2-standard-4",
            "metadata": {
              "ssh-keys": "learndewi:ssh-rsa AAAAB3NzaC1yc2EAAAADAQABAAACAQDUEp+Cp0ohwJf0q7IralVq/4JDTuJPDqq3SngxTd6JXDS2UOipMGZf5rP7aDAYk9XbXa7fixVesxM6KSTiSq0twQi9dcHdnV96WAJ5YoF25QQZ9j8CROSfjMWldlk5NAbR736z3ahfNbRnmCFEgIMZIryJOdaVp+blXNGr12oFO+LCQFP/PIyY5Lf0ET1B2/RXAf1YzGlDaM+Q0MDqDtE09NLWbKH6xjgt/IHBvVgE+hysjpHUtd8zS6QWj7bpk6JOBoKYlxJOd/Aw1db4/28LmCVoxCOX+AzSbAwNTwuf5WgbCW7ut9sHOOMml4wHe3gqwXXiNdk0X0dc1BjINNnqOpvQdsH8qGhPL7RK5d/rA8qCZiQt9Q5F9Gq3rzEeXXHozPlrcr30ahW5XOAsOB/hZuVTsN+lWF0nYJYtZsJNb+FGY3efiqfTyMdMQTdA8brnrm8BNFBhBN6RiyC/RouvRvFcvtXR1VRiEKfqW5RgSTYxV8nPMSiYA4m1idm2emnRcQQP3h9NeFJ/lp4fAzmKQQP3g4qv8tw7Ww6CaOJLO0OmtjXuGHd1c+ClLqbP44v21n2MsapCP54pkshOBColnr6icAo56DIsSM6NuA8YD+VH2bhKgJt6mAG5+19mdEJCE0WwhMhamjXX23r7XM0FrLT2eSMvFKcKvAebJPbI/w==\n"
            },
            "metadata_fingerprint": "S-bXkk5lbg8=",
            "metadata_startup_script": null,
            "min_cpu_platform": "",
            "name": "vm-github-pipeline",
            "network_interface": [
              {
                "access_config": [
                  {
                    "nat_ip": "34.143.146.14",
                    "network_tier": "PREMIUM",
                    "public_ptr_domain_name": ""
                  }
                ],
                "alias_ip_range": [],
                "ipv6_access_config": [],
                "ipv6_access_type": "",
                "name": "nic0",
                "network": "https://www.googleapis.com/compute/v1/projects/pacific-decoder-382709/global/networks/vpc-github-pipeline",
                "network_ip": "10.148.0.2",
                "nic_type": "",
                "queue_count": 0,
                "stack_type": "IPV4_ONLY",
                "subnetwork": "https://www.googleapis.com/compute/v1/projects/pacific-decoder-382709/regions/asia-southeast1/subnetworks/vpc-github-pipeline",
                "subnetwork_project": "pacific-decoder-382709"
              }
            ],
            "project": "pacific-decoder-382709",
            "reservation_affinity": [],
            "resource_policies": null,
            "scheduling": [
              {
                "automatic_restart": true,
                "min_node_cpus": 0,
                "node_affinities": [],
                "on_host_maintenance": "MIGRATE",
                "preemptible": false
              }
            ],
            "scratch_disk": [],
            "self_link": "https://www.googleapis.com/compute/v1/projects/pacific-decoder-382709/zones/asia-southeast1-b/instances/vm-github-pipeline",
            "service_account": [
              {
                "email": "sa-github-pipeline-project@pacific-decoder-382709.iam.gserviceaccount.com",
                "scopes": [
                  "https://www.googleapis.com/auth/cloud-platform"
                ]
              }
            ],
            "shielded_instance_config": [
              {
                "enable_integrity_monitoring": true,
                "enable_secure_boot": false,
                "enable_vtpm": true
              }
            ],
            "tags": [
              "allow-tcp-ports",
              "http-server",
              "https-server"
            ],
            "tags_fingerprint": "Dt4PtdGWHSo=",
            "timeouts": null,
            "zone": "asia-southeast1-b"
          },
          "sensitive_attributes": [],
          "private": "eyJlMmJmYjczMC1lY2FhLTExZTYtOGY4OC0zNDM2M2JjN2M0YzAiOnsiY3JlYXRlIjoxMjAwMDAwMDAwMDAwLCJkZWxldGUiOjEyMDAwMDAwMDAwMDAsInVwZGF0ZSI6MTIwMDAwMDAwMDAwMH0sInNjaGVtYV92ZXJzaW9uIjoiNiJ9",
          "dependencies": [
            "data.google_client_openid_userinfo.me",
            "google_compute_address.static_ip",
            "google_compute_network.vpc_network",
            "google_service_account.service_account",
            "tls_private_key.ssh"
          ]
        }
      ]
    },
    {
      "mode": "managed",
      "type": "google_compute_network",
      "name": "vpc_network",
      "provider": "provider[\"registry.terraform.io/hashicorp/google\"]",
      "instances": [
        {
          "schema_version": 0,
          "attributes": {
            "auto_create_subnetworks": true,
            "delete_default_routes_on_create": false,
            "description": "",
            "gateway_ipv4": "",
            "id": "projects/pacific-decoder-382709/global/networks/vpc-github-pipeline",
            "mtu": 0,
            "name": "vpc-github-pipeline",
            "project": "pacific-decoder-382709",
            "routing_mode": "REGIONAL",
            "self_link": "https://www.googleapis.com/compute/v1/projects/pacific-decoder-382709/global/networks/vpc-github-pipeline",
            "timeouts": null
          },
          "sensitive_attributes": [],
          "private": "eyJlMmJmYjczMC1lY2FhLTExZTYtOGY4OC0zNDM2M2JjN2M0YzAiOnsiY3JlYXRlIjoyNDAwMDAwMDAwMDAsImRlbGV0ZSI6MjQwMDAwMDAwMDAwLCJ1cGRhdGUiOjI0MDAwMDAwMDAwMH19"
        }
      ]
    },
    {
      "mode": "managed",
      "type": "google_project_iam_binding",
      "name": "service_account",
      "provider": "provider[\"registry.terraform.io/hashicorp/google\"]",
      "instances": [
        {
          "index_key": "roles/bigquery.admin",
          "schema_version": 0,
          "attributes": {
            "condition": [],
            "etag": "BwX4jgXzrXo=",
            "id": "pacific-decoder-382709/roles/bigquery.admin",
            "members": [
              "serviceAccount:sa-github-pipeline-project@pacific-decoder-382709.iam.gserviceaccount.com"
            ],
            "project": "pacific-decoder-382709",
            "role": "roles/bigquery.admin"
          },
          "sensitive_attributes": [],
          "private": "bnVsbA==",
          "dependencies": [
            "google_service_account.service_account"
          ]
        },
        {
          "index_key": "roles/cloudsql.admin",
          "schema_version": 0,
          "attributes": {
            "condition": [],
            "etag": "BwX4jgXzrXo=",
            "id": "pacific-decoder-382709/roles/cloudsql.admin",
            "members": [
              "serviceAccount:sa-github-pipeline-project@pacific-decoder-382709.iam.gserviceaccount.com"
            ],
            "project": "pacific-decoder-382709",
            "role": "roles/cloudsql.admin"
          },
          "sensitive_attributes": [],
          "private": "bnVsbA==",
          "dependencies": [
            "google_service_account.service_account"
          ]
        },
        {
          "index_key": "roles/datastore.owner",
          "schema_version": 0,
          "attributes": {
            "condition": [],
            "etag": "BwX4jgXzrXo=",
            "id": "pacific-decoder-382709/roles/datastore.owner",
            "members": [
              "serviceAccount:sa-github-pipeline-project@pacific-decoder-382709.iam.gserviceaccount.com"
            ],
            "project": "pacific-decoder-382709",
            "role": "roles/datastore.owner"
          },
          "sensitive_attributes": [],
          "private": "bnVsbA==",
          "dependencies": [
            "google_service_account.service_account"
          ]
        },
        {
          "index_key": "roles/storage.admin",
          "schema_version": 0,
          "attributes": {
            "condition": [],
            "etag": "BwX4jgXzrXo=",
            "id": "pacific-decoder-382709/roles/storage.admin",
            "members": [
              "serviceAccount:sa-github-pipeline-project@pacific-decoder-382709.iam.gserviceaccount.com"
            ],
            "project": "pacific-decoder-382709",
            "role": "roles/storage.admin"
          },
          "sensitive_attributes": [],
          "private": "bnVsbA==",
          "dependencies": [
            "google_service_account.service_account"
          ]
        }
      ]
    },
    {
      "mode": "managed",
      "type": "google_project_service",
      "name": "cloud_resource_manager",
      "provider": "provider[\"registry.terraform.io/hashicorp/google\"]",
      "instances": [
        {
          "schema_version": 0,
          "attributes": {
            "disable_dependent_services": true,
            "disable_on_destroy": true,
            "id": "pacific-decoder-382709/cloudresourcemanager.googleapis.com",
            "project": "pacific-decoder-382709",
            "service": "cloudresourcemanager.googleapis.com",
            "timeouts": null
          },
          "sensitive_attributes": [],
          "private": "eyJlMmJmYjczMC1lY2FhLTExZTYtOGY4OC0zNDM2M2JjN2M0YzAiOnsiY3JlYXRlIjoxMjAwMDAwMDAwMDAwLCJkZWxldGUiOjEyMDAwMDAwMDAwMDAsInJlYWQiOjYwMDAwMDAwMDAwMCwidXBkYXRlIjoxMjAwMDAwMDAwMDAwfX0="
        }
      ]
    },
    {
      "mode": "managed",
      "type": "google_project_service",
      "name": "compute",
      "provider": "provider[\"registry.terraform.io/hashicorp/google\"]",
      "instances": [
        {
          "schema_version": 0,
          "attributes": {
            "disable_dependent_services": true,
            "disable_on_destroy": true,
            "id": "pacific-decoder-382709/compute.googleapis.com",
            "project": "pacific-decoder-382709",
            "service": "compute.googleapis.com",
            "timeouts": null
          },
          "sensitive_attributes": [],
          "private": "eyJlMmJmYjczMC1lY2FhLTExZTYtOGY4OC0zNDM2M2JjN2M0YzAiOnsiY3JlYXRlIjoxMjAwMDAwMDAwMDAwLCJkZWxldGUiOjEyMDAwMDAwMDAwMDAsInJlYWQiOjYwMDAwMDAwMDAwMCwidXBkYXRlIjoxMjAwMDAwMDAwMDAwfX0="
        }
      ]
    },
    {
      "mode": "managed",
      "type": "google_service_account",
      "name": "service_account",
      "provider": "provider[\"registry.terraform.io/hashicorp/google\"]",
      "instances": [
        {
          "schema_version": 0,
          "attributes": {
            "account_id": "sa-github-pipeline-project",
            "description": "",
            "disabled": false,
            "display_name": "Create service-account via terraform",
            "email": "sa-github-pipeline-project@pacific-decoder-382709.iam.gserviceaccount.com",
            "id": "projects/pacific-decoder-382709/serviceAccounts/sa-github-pipeline-project@pacific-decoder-382709.iam.gserviceaccount.com",
            "name": "projects/pacific-decoder-382709/serviceAccounts/sa-github-pipeline-project@pacific-decoder-382709.iam.gserviceaccount.com",
            "project": "pacific-decoder-382709",
            "timeouts": null,
            "unique_id": "103432367530959928395"
          },
          "sensitive_attributes": [],
          "private": "eyJlMmJmYjczMC1lY2FhLTExZTYtOGY4OC0zNDM2M2JjN2M0YzAiOnsiY3JlYXRlIjozMDAwMDAwMDAwMDB9fQ=="
        }
      ]
    },
    {
      "mode": "managed",
      "type": "google_service_account_key",
      "name": "service_account_key",
      "provider": "provider[\"registry.terraform.io/hashicorp/google\"]",
      "instances": [
        {
          "schema_version": 0,
          "attributes": {
            "id": "projects/pacific-decoder-382709/serviceAccounts/sa-github-pipeline-project@pacific-decoder-382709.iam.gserviceaccount.com/keys/5ccfcb36366863603d0a284ebde3d7cf77777ad1",
            "keepers": null,
            "key_algorithm": "KEY_ALG_RSA_2048",
            "name": "projects/pacific-decoder-382709/serviceAccounts/sa-github-pipeline-project@pacific-decoder-382709.iam.gserviceaccount.com/keys/5ccfcb36366863603d0a284ebde3d7cf77777ad1",
            "private_key": "ewogICJ0eXBlIjogInNlcnZpY2VfYWNjb3VudCIsCiAgInByb2plY3RfaWQiOiAicGFjaWZpYy1kZWNvZGVyLTM4MjcwOSIsCiAgInByaXZhdGVfa2V5X2lkIjogIjVjY2ZjYjM2MzY2ODYzNjAzZDBhMjg0ZWJkZTNkN2NmNzc3NzdhZDEiLAogICJwcml2YXRlX2tleSI6ICItLS0tLUJFR0lOIFBSSVZBVEUgS0VZLS0tLS1cbk1JSUV2Z0lCQURBTkJna3Foa2lHOXcwQkFRRUZBQVNDQktnd2dnU2tBZ0VBQW9JQkFRRE1PZ3JVSXZjTUFDblFcbjdOeUZCV2t2Ym43cXdqTnBVZmRZak13eXZuQndHSFZFU1NtZU1yUlNSYXZ4NFlYZmtjdUpiclR6UjFnMEJpZUJcbkg4UGVKY1dnWHVXN1hmMlU2WEVXT0pXb2pKTnlReHpuOEw4UGdOTDV0cXI0bzNFRUxLazJmYS82L2NTYzBKZ05cbnN6WnJGWGM2SlFPSXBLOHhCM1F6NG51M2JoTEdmb0tmd3Vhc2l5RVFxelBkZm9ldHZMVFhoYkpPRGVpcWl5LzBcbm15cDhLNHpEeVpaVnNXT3lBRUdzQ1VpdkRsaEVXVWg4bmp5VTJYREp5ZHBFWjdITlZHTDl1U0pNTm4yVmRseG1cbkZrZDdGSkVmTkJ6OHFTcjcwQWFNL3NvNlBUTkJTc082UXViTnJUdThNeGJSRThKdEpPUlpEaFZsRmRvSVlwbmhcbklnb0xEaHhQQWdNQkFBRUNnZ0VBS2N5WmFjak1RcGNIOS94NnQva2ZDYmUyWDBzbkpaL0NuY3VYZ2ExTHF3MitcbmRwNzQxeW11a1lZMEJwb3ZnYzQvMTkyaVNJYXFMVit6RnpFT3NEbVA1TjUzYTYxMW1OUmNzbjBiV0hlSk9DSTNcbldOdUQ1MkxwQzNZUk1UbVdpSkd4Z25jZ0hTRnlhOXdmdXZJYXFia25nVzJROXhjcHlrR3B6WExGK29tYmF5ZWNcbmlIN0hLOEkvOUMxMDRKTXBPOUxHWGYwVjhOU2QyN0FlU00waFJqMk5uOGxOWXordmtmMWRKVENCaDhmdC9jZjBcbkl3aHkySE91dWl2aElWai9Dc0JUb1JPNXJ1UXMzQytSWXROdTBCWkJlb1gzYmJvWUdSdTJrQWZZdWxyN2RJVGlcbi9qM1VzWlRtU1pNTGl2amxrRDg2dGFiMktSQ1QwRWVLOG5IOGJUWDZFUUtCZ1FENjl5bitRT2toSXlxZFduWFdcblh5dHpkMXB1UWFvVnJvU3dTS282NCtJSk81VnVlVjNoQ2w2RjIvMURwRUI0bHExRXdVMXRrMkk5WHE2eXZJRHdcblI2MW1SYXE1NUJTSE9Pb3VvTWtiTEZ6amFTYkRXZkhzOFVncndzd2U1UmJrVVYxQjQ5dEl4eFkvV3plb0l5RU9cbjdNUzd2bEZUbEQ0cG4xelZCRi9vVzN3STBRS0JnUURRVXRuU3ZTZ3ZIZzZQNDMvbkdWYW1oYit2QVBUdmJOdWFcbjZ0a0h1d3R4RFJFdHZPa1Z2ZEhUYmY1Y0tUQk0vRE1Ca05iOVlvRUpMMzNESEFkMTY3R3Z6cWZ2SlhycDlYRGRcbnpqZTgyV2lnVHRjVkI2MGoyakQ4SUlxVW5nZytQMFNtY3p0TEJDQkNUc1M3VmNaOVVOR3lsV0Z5Z2F3aEhJTXpcbjFYQyt0eXNiSHdLQmdRQ1pqOFZWT3hpcld4NUhQRVBnVVVtQUZLYnowaUFsdGl5Z3hVWE1WUVpKU2Zrc3FQekZcbnA1ZWc1clE0d0hkbWtpUWhidnBXc3hrb25oZmRiRFNsVWVhTEx0UEJmUXNHbHMvTWlqdWo4ZWhBaW1YYW9OM0VcbmN2c0xNOTI4aGNjVkc2Z3BtaWZpaDFkWW14TWFRYXlIdWw3QzFqaGpJTkZNbktPc0FFcERIajl1RVFLQmdCMVhcbnZpU256aFFzNktJdHlpTXo5M2VIR1VPK0g4SGxsRjBTdlRVUWpJRUU5U2w3RlYyaG1mOXMyOG9CWnpOQXhySnVcbncwbDNhWE53eEFjS1dLYXNaeCs3UFA0N1NqL1ArWERVamhkRWpDOGdTNzFEa29pZFFBOFRTbEc2bkxDZjJyeVRcbk9JUE5kZm5BL0liaWd3MjlwM3UrL0xYVE8vcUIrSjBCY0ZyOGs4N0RBb0dCQU1XWnpnQ2lOMDBCcjltd284WW9cbnRDY0pYc3EvMjl5VHBHY1BRWmhaOTllZW5WcjlwNlVCUmdXaEgrS0dnVjRlblRXYlh5ZWVZQVVxTWJkMkg4OW9cbnBNQ2hpdXE4NjhDbVpUMTZLbDE2WUNpbzVMNlh3ZERFL3RJOFUvZ2cwbkRGMkxlZGdjbEFLbWsyOEsvczZKc0tcbnVDRTh5TG92cjFrRGY1aFVNUWVlRjR6NFxuLS0tLS1FTkQgUFJJVkFURSBLRVktLS0tLVxuIiwKICAiY2xpZW50X2VtYWlsIjogInNhLWdpdGh1Yi1waXBlbGluZS1wcm9qZWN0QHBhY2lmaWMtZGVjb2Rlci0zODI3MDkuaWFtLmdzZXJ2aWNlYWNjb3VudC5jb20iLAogICJjbGllbnRfaWQiOiAiMTAzNDMyMzY3NTMwOTU5OTI4Mzk1IiwKICAiYXV0aF91cmkiOiAiaHR0cHM6Ly9hY2NvdW50cy5nb29nbGUuY29tL28vb2F1dGgyL2F1dGgiLAogICJ0b2tlbl91cmkiOiAiaHR0cHM6Ly9vYXV0aDIuZ29vZ2xlYXBpcy5jb20vdG9rZW4iLAogICJhdXRoX3Byb3ZpZGVyX3g1MDlfY2VydF91cmwiOiAiaHR0cHM6Ly93d3cuZ29vZ2xlYXBpcy5jb20vb2F1dGgyL3YxL2NlcnRzIiwKICAiY2xpZW50X3g1MDlfY2VydF91cmwiOiAiaHR0cHM6Ly93d3cuZ29vZ2xlYXBpcy5jb20vcm9ib3QvdjEvbWV0YWRhdGEveDUwOS9zYS1naXRodWItcGlwZWxpbmUtcHJvamVjdCU0MHBhY2lmaWMtZGVjb2Rlci0zODI3MDkuaWFtLmdzZXJ2aWNlYWNjb3VudC5jb20iCn0K",
            "private_key_type": "TYPE_GOOGLE_CREDENTIALS_FILE",
            "public_key": "LS0tLS1CRUdJTiBDRVJUSUZJQ0FURS0tLS0tCk1JSUMvRENDQWVTZ0F3SUJBZ0lJWWptQVd1T3NZYXd3RFFZSktvWklodmNOQVFFRkJRQXdJREVlTUJ3R0ExVUUKQXhNVk1UQXpORE15TXpZM05UTXdPVFU1T1RJNE16azFNQ0FYRFRJek1EUXdOVEF6TURJeU4xb1lEems1T1RreApNak14TWpNMU9UVTVXakFnTVI0d0hBWURWUVFERXhVeE1ETTBNekl6TmpjMU16QTVOVGs1TWpnek9UVXdnZ0VpCk1BMEdDU3FHU0liM0RRRUJBUVVBQTRJQkR3QXdnZ0VLQW9JQkFRRE1PZ3JVSXZjTUFDblE3TnlGQldrdmJuN3EKd2pOcFVmZFlqTXd5dm5Cd0dIVkVTU21lTXJSU1Jhdng0WVhma2N1SmJyVHpSMWcwQmllQkg4UGVKY1dnWHVXNwpYZjJVNlhFV09KV29qSk55UXh6bjhMOFBnTkw1dHFyNG8zRUVMS2syZmEvNi9jU2MwSmdOc3packZYYzZKUU9JCnBLOHhCM1F6NG51M2JoTEdmb0tmd3Vhc2l5RVFxelBkZm9ldHZMVFhoYkpPRGVpcWl5LzBteXA4SzR6RHlaWlYKc1dPeUFFR3NDVWl2RGxoRVdVaDhuanlVMlhESnlkcEVaN0hOVkdMOXVTSk1ObjJWZGx4bUZrZDdGSkVmTkJ6OApxU3I3MEFhTS9zbzZQVE5CU3NPNlF1Yk5yVHU4TXhiUkU4SnRKT1JaRGhWbEZkb0lZcG5oSWdvTERoeFBBZ01CCkFBR2pPREEyTUF3R0ExVWRFd0VCL3dRQ01BQXdEZ1lEVlIwUEFRSC9CQVFEQWdlQU1CWUdBMVVkSlFFQi93UU0KTUFvR0NDc0dBUVVGQndNQ01BMEdDU3FHU0liM0RRRUJCUVVBQTRJQkFRQVIxMFlSaWp0dGkrNTl1N2xjZlZMSgpxREJJWStnL3pBZUN2ejN5SEZQRFFwOTErUXRyNUVBenV2MWtBN2VGQVJzNDh6ZXZPaWgvV3JheThpRFhaMzRXCk5ydDRVVUNDVkcrT0tBRTB3a2tjb21Hamsya2RyY0ZjZlN2TFFSTFRFNHpmRzJtOTFqTURtc0M4di8yOUhiSnEKSjZDZW9kV0EzWDNaUkxUaDh6eHFFT25oRG16QjBpeTVRUTZXUFJGTHZ5RThGeFYwWkxtbkFka2tRYlpnS1lnQwozZlVSNVd2Tk1mMnhuTWFhTjd1SDhhRXlWOWorSzVtLzl6Z3hTcGxRNzFHNlpRcWhHaW9ZYzBJNTBxUlRTNlRDCkI5TlpqT0gyTEVJaG5abDlVTkhBZWhVbWNWWDRnRzJ1YlZGNGlTMnFZbFJVa040VXpCUWlITXpHaXQ4cW1HdzUKLS0tLS1FTkQgQ0VSVElGSUNBVEUtLS0tLQo=",
            "public_key_data": null,
            "public_key_type": "TYPE_X509_PEM_FILE",
            "service_account_id": "projects/pacific-decoder-382709/serviceAccounts/sa-github-pipeline-project@pacific-decoder-382709.iam.gserviceaccount.com",
            "valid_after": "2023-04-05T03:02:27Z",
            "valid_before": "9999-12-31T23:59:59Z"
          },
          "sensitive_attributes": [],
          "private": "bnVsbA==",
          "dependencies": [
            "google_service_account.service_account"
          ]
        }
      ]
    },
    {
      "mode": "managed",
      "type": "google_storage_bucket",
      "name": "data-lake-bucket",
      "provider": "provider[\"registry.terraform.io/hashicorp/google\"]",
      "instances": [
        {
          "schema_version": 0,
          "attributes": {
            "cors": [],
            "default_event_based_hold": false,
            "encryption": [],
            "force_destroy": true,
            "id": "datalake-github-pipeline_pacific-decoder-382709",
            "labels": {},
            "lifecycle_rule": [
              {
                "action": [
                  {
                    "storage_class": "",
                    "type": "Delete"
                  }
                ],
                "condition": [
                  {
                    "age": 30,
                    "created_before": "",
                    "custom_time_before": "",
                    "days_since_custom_time": 0,
                    "days_since_noncurrent_time": 0,
                    "matches_storage_class": [],
                    "noncurrent_time_before": "",
                    "num_newer_versions": 0,
                    "with_state": "ANY"
                  }
                ]
              }
            ],
            "location": "ASIA-SOUTHEAST1",
            "logging": [],
            "name": "datalake-github-pipeline_pacific-decoder-382709",
            "project": "pacific-decoder-382709",
            "requester_pays": false,
            "retention_policy": [],
            "self_link": "https://www.googleapis.com/storage/v1/b/datalake-github-pipeline_pacific-decoder-382709",
            "storage_class": "STANDARD",
            "uniform_bucket_level_access": true,
            "url": "gs://datalake-github-pipeline_pacific-decoder-382709",
            "versioning": [
              {
                "enabled": true
              }
            ],
            "website": []
          },
          "sensitive_attributes": [],
          "private": "bnVsbA=="
        }
      ]
    },
    {
      "mode": "managed",
      "type": "local_file",
      "name": "ssh_private_key_pem",
      "provider": "provider[\"registry.terraform.io/hashicorp/local\"]",
      "instances": [
        {
          "schema_version": 0,
          "attributes": {
            "content": "-----BEGIN RSA PRIVATE KEY-----\nMIIJKQIBAAKCAgEA1BKfgqdKIcCX9KuyK2pVav+CQ07iTw6qt0p4MU3eiVw0tlDo\nqTBmX+az+2gwGJPV212u34sVXrMTOikk4kqtLcEIvXXB3Z1felgCeWKBduUEGfY/\nAkTkn4zFpXZZOTQG0e9+s92oXzW0Z5ghRICDGSK8iTnWlafm5VzRq9dqBTviwkBT\n/zyMmOS39BE9Qdv0VwH9WMxpQ2jPkNDA6g7RNPTS1myh+sY4LfyBwb1YBPocrI6R\n1LXfM0ukFo+26ZOiTgaCmJcSTnfwMNXW+P9vC5glaMQjl/gM0mwMDU8Ln+VoGwlu\n7rfbBzjjJpeMB3t4KsF14jXZNF9HXNQYyDTZ6jqb0HbB/KhoTy+0SuXf6wPKgmYk\nLfUORfRqt68xHl1x6Mz5a3K99GoVuVzgLDgf4WblU7DfpVhdJ2CWLWbCTW/hRmN3\nn4qn08jHTEE3QPG6565vATRQYQTekYsgv0aLr0bxXL7V0dVUYhCn6luUYEk2MVfJ\nzzEomAOJtYnZtnpp0XEED94fTXhSf5aeHwM5ikED94OKr/LcO1sOgmjiSztDprY1\n7hh3dXPgpS6mz+OL9tZ9jLGqQj+eKZLITgQqJZ6+onAKOegyLEjOjbgPGA/lR9m4\nSoCbepgBuftfZnRCQhNFsITIWpo119t6+1zNBay09nkjLxSnCrwHmyT2yP8CAwEA\nAQKCAgEAhQndyR/bMItaiGIBlpzRUxtRA5qD/CZuUCfGeN+pwC/43XqqSiETyAu5\nUvkMWw669S+zGYdt84eRg0X2XoOMWoyjR/+Mi9NC50Q44R87qnOG/CZvZqQDbFfq\nUZ+J34nU0XRV3s4p5viQ4QAdtpSMKYOSFOAUzrOS9MYivpOXbgsgeM3UI+U/Klcp\nU1JRRHSQttiHr2IkkuY4eFeM/ggnk/oWHe/uOZyJ98dVO03l3tFslY+mynMBv3Mv\nT/v+Ok+kXSBWYxU6pcE2C9zKTFApwHNE3JFW5un0WTjw4pR47WkDwxpK3jS2kbRN\nQ5OEg9kgDGpq4mr3hJRU91YS6d3F6bc6L+l11576VC8bH3n/+TzLoGDyjwgZXUtu\ng8MVUAO/zPHMtTuPbx0EM1ErdAHyEzE3ishrnk3zt0xhV2o2znXcSipz9bFrWTlW\npVMtB/oHREBLZ829caqGK+6QIo7lumUbb20rpAPJufZZLykTjcG+X0GoEx8gu7JA\ngvA/0Wy9VvAS7EpQWN/6u6Z6I9VKTtad3HPcmgToi0e1YwanG39XTfOeWNsa6TwG\nvf2qVr/fAM11WxueFR8Kb8WFWq884eAl6lTu/0Q0iZxmDv6rtXwgDuReE4ud3I8e\ntB5EUCzy+mGjlTvI877tkRFu2lX5EuLoni0ZMR2GMvTkbySmCNkCggEBAOH/S4CA\nANKYzQXnw/UKdADKLJwbfA3B3bEJnLVN6rJxtrrgycHVGhvLckIHxEG3y5pfFPCE\nYXXAZaB5qyf8QSunMeCSMG8hB9m2R+9TL7cTkG1G5biBde/NsUK5a8W+Leq1e8br\nugiFJ32ys+lrZ6jNElKooLtK/7al8/9WJbk0k6CM8CFh02JQJ/HOSv9YLiYyatPD\nBB5LcoXDJqvA3BEXV2v9o+ePbgJ2lmw8CQHjukx5jwVzyehsBKdyGdOLMAteP6wT\nwbIIsWMONWYGNPnytVClHMweVsB8nHKvPoIwOQx7NJAGWGbqsnxRDtAGmxzNQT+D\nJXniwDf6yjePj4sCggEBAPA6F6jxHD2C0zuUoduyjmnLDttYPd7Nf2P9bS8elFTe\nDmgKNDxY2VTmp2+8ZamRbgrf2RGmfGVC/Za8pj0Q7S9IG9qvrxKNteSkyr+g9fSj\ngOB1IBP7Z+QrGBUR6DD3yg760x9ipDqja0RGnjAjwq0f9PuufH4fh+4qzUx0Gaoy\nBjT6bmRY+3taD441xtSZi8VbwGuNoFOM2rCdXb5Zp5BS8eB4Isd4bNIr+ICl8NeY\npym30mc7VBzXc/FwKwhuFbr62X3fXfu4FG48wlHn4mVF2UZZb3YZv2eXucG/TY2w\nLhJhD18z7GuDSUs2uka6V+6MZgEIw4SkJUka9PLTWt0CggEBAIuckOHzMY7oAlAR\nm0a3jG4od2KAwCQnjXKew4ZlegV+pinQUBNEOHrPNeiAr8cBafAVqPPkc+iwUJfQ\nUeHDvebfxLo81Vrxhs4CA3Jfa2yn02MOlz9iCp937HeR4HgqQmdqceqzGRvGVl0a\nlnYueb0X4qfZsGHDtTD6WD920psVVdWq+3VD37guWF7S2BXiPbAvGTt0kAi/ByKH\nKk6UN97/EmyOJkEYpBc1dzup4s6eBirUNXxiyWqhwEZJAJdktutu79q34cLACAVv\nc6FxWCzIuSX2ulGGtIT49hULGYyHidaiDhijMt1xQ4307TepvQ0P56z6sZ4YbDKo\n5V9pen0CggEAEiiyBSlEszmicgyIN61FqqWY1+fRtXffO1W63Sb4m3m1qROsYyts\nMkjFO2MIZEsEAHpvVDA7kwP/W1ejUVZoN3zB7kP9fe+MYl46nUWzkeySH2V7KUeF\n0O+ZAG68GIeClKNNNkAknfIgd6bG6mipnKCfyi6kZnxHsC84GaFlF0J0yahsk9VO\nHULvjhZukz+QGzkWUIsCJY6uMU+T+IGacwRyGD+8kUt/HlwIiuEAVavKZxLoKrmH\nYC7BKu0Js7dumRXBPwyVdCO0F6ksHzjiGjmvdOvpywmjOFd1yTmGyUEaGnWPzeiE\n5JOmBLN8XUBUyUl/pHBfJzWpQ99vyLNFWQKCAQBTx6giDE+wcnsm496TG4FkgwBe\nf2Tly+2wckrRJyQmm9PLwlWSqiurIHdDOk+a36XG6Cd5oQ7f+iHa9/6x1hC7H+1Q\nYmA3RK55V3k8OnHyPua6WxbevTJWg9MnDqbkQCyPJfetGRvMrgTyo1KyEpSi905V\nHw0pxYl0d1se69oh6jkJ8+dFytnPyol+Qff9l3sZhuhh5SgANaP4KV5s0hN2EzxI\nvmo9QEH1O14lC5i3SRrJ9pK4nZsEIqU0i6jy0rt2V7/knROHopX2WLjF1Mo/9uCW\nXHuEFykjXDexhrgCVCiTuXyC55QuG0lWY7li17NweVrMWkpDSzCoqcfP9B8l\n-----END RSA PRIVATE KEY-----\n",
            "content_base64": null,
            "content_base64sha256": "e8FF7xIs2fPenlEi7F4jubOAkiZnqrJbGzy1jvchV80=",
            "content_base64sha512": "JYl9TvWHI0JVxvnWsxG3DPICuNGsN57sinzC8pOPfZg7PcIHT4BmwG/so3d0xO2zdO8uM9mLXFYm2HSiR68eYw==",
            "content_md5": "dba68084d445e28d45b44c3a077e4fda",
            "content_sha1": "7d34f026d041ac5962bbfcac9376be42c59fb059",
            "content_sha256": "7bc145ef122cd9f3de9e5122ec5e23b9b380922667aab25b1b3cb58ef72157cd",
            "content_sha512": "25897d4ef587234255c6f9d6b311b70cf202b8d1ac379eec8a7cc2f2938f7d983b3dc2074f8066c06feca37774c4edb374ef2e33d98b5c5626d874a247af1e63",
            "directory_permission": "0777",
            "file_permission": "0600",
            "filename": ".ssh/github-pipeline-project",
            "id": "7d34f026d041ac5962bbfcac9376be42c59fb059",
            "sensitive_content": null,
            "source": null
          },
          "sensitive_attributes": [
            [
              {
                "type": "get_attr",
                "value": "content"
              }
            ]
          ],
          "dependencies": [
            "tls_private_key.ssh"
          ]
        }
      ]
    },
    {
      "mode": "managed",
      "type": "tls_private_key",
      "name": "ssh",
      "provider": "provider[\"registry.terraform.io/hashicorp/tls\"]",
      "instances": [
        {
          "schema_version": 0,
          "attributes": {
            "algorithm": "RSA",
            "ecdsa_curve": "P224",
            "id": "8ecb06c7d4819fc093540cb5328a279d26da43d1",
            "private_key_pem": "-----BEGIN RSA PRIVATE KEY-----\nMIIJKQIBAAKCAgEA1BKfgqdKIcCX9KuyK2pVav+CQ07iTw6qt0p4MU3eiVw0tlDo\nqTBmX+az+2gwGJPV212u34sVXrMTOikk4kqtLcEIvXXB3Z1felgCeWKBduUEGfY/\nAkTkn4zFpXZZOTQG0e9+s92oXzW0Z5ghRICDGSK8iTnWlafm5VzRq9dqBTviwkBT\n/zyMmOS39BE9Qdv0VwH9WMxpQ2jPkNDA6g7RNPTS1myh+sY4LfyBwb1YBPocrI6R\n1LXfM0ukFo+26ZOiTgaCmJcSTnfwMNXW+P9vC5glaMQjl/gM0mwMDU8Ln+VoGwlu\n7rfbBzjjJpeMB3t4KsF14jXZNF9HXNQYyDTZ6jqb0HbB/KhoTy+0SuXf6wPKgmYk\nLfUORfRqt68xHl1x6Mz5a3K99GoVuVzgLDgf4WblU7DfpVhdJ2CWLWbCTW/hRmN3\nn4qn08jHTEE3QPG6565vATRQYQTekYsgv0aLr0bxXL7V0dVUYhCn6luUYEk2MVfJ\nzzEomAOJtYnZtnpp0XEED94fTXhSf5aeHwM5ikED94OKr/LcO1sOgmjiSztDprY1\n7hh3dXPgpS6mz+OL9tZ9jLGqQj+eKZLITgQqJZ6+onAKOegyLEjOjbgPGA/lR9m4\nSoCbepgBuftfZnRCQhNFsITIWpo119t6+1zNBay09nkjLxSnCrwHmyT2yP8CAwEA\nAQKCAgEAhQndyR/bMItaiGIBlpzRUxtRA5qD/CZuUCfGeN+pwC/43XqqSiETyAu5\nUvkMWw669S+zGYdt84eRg0X2XoOMWoyjR/+Mi9NC50Q44R87qnOG/CZvZqQDbFfq\nUZ+J34nU0XRV3s4p5viQ4QAdtpSMKYOSFOAUzrOS9MYivpOXbgsgeM3UI+U/Klcp\nU1JRRHSQttiHr2IkkuY4eFeM/ggnk/oWHe/uOZyJ98dVO03l3tFslY+mynMBv3Mv\nT/v+Ok+kXSBWYxU6pcE2C9zKTFApwHNE3JFW5un0WTjw4pR47WkDwxpK3jS2kbRN\nQ5OEg9kgDGpq4mr3hJRU91YS6d3F6bc6L+l11576VC8bH3n/+TzLoGDyjwgZXUtu\ng8MVUAO/zPHMtTuPbx0EM1ErdAHyEzE3ishrnk3zt0xhV2o2znXcSipz9bFrWTlW\npVMtB/oHREBLZ829caqGK+6QIo7lumUbb20rpAPJufZZLykTjcG+X0GoEx8gu7JA\ngvA/0Wy9VvAS7EpQWN/6u6Z6I9VKTtad3HPcmgToi0e1YwanG39XTfOeWNsa6TwG\nvf2qVr/fAM11WxueFR8Kb8WFWq884eAl6lTu/0Q0iZxmDv6rtXwgDuReE4ud3I8e\ntB5EUCzy+mGjlTvI877tkRFu2lX5EuLoni0ZMR2GMvTkbySmCNkCggEBAOH/S4CA\nANKYzQXnw/UKdADKLJwbfA3B3bEJnLVN6rJxtrrgycHVGhvLckIHxEG3y5pfFPCE\nYXXAZaB5qyf8QSunMeCSMG8hB9m2R+9TL7cTkG1G5biBde/NsUK5a8W+Leq1e8br\nugiFJ32ys+lrZ6jNElKooLtK/7al8/9WJbk0k6CM8CFh02JQJ/HOSv9YLiYyatPD\nBB5LcoXDJqvA3BEXV2v9o+ePbgJ2lmw8CQHjukx5jwVzyehsBKdyGdOLMAteP6wT\nwbIIsWMONWYGNPnytVClHMweVsB8nHKvPoIwOQx7NJAGWGbqsnxRDtAGmxzNQT+D\nJXniwDf6yjePj4sCggEBAPA6F6jxHD2C0zuUoduyjmnLDttYPd7Nf2P9bS8elFTe\nDmgKNDxY2VTmp2+8ZamRbgrf2RGmfGVC/Za8pj0Q7S9IG9qvrxKNteSkyr+g9fSj\ngOB1IBP7Z+QrGBUR6DD3yg760x9ipDqja0RGnjAjwq0f9PuufH4fh+4qzUx0Gaoy\nBjT6bmRY+3taD441xtSZi8VbwGuNoFOM2rCdXb5Zp5BS8eB4Isd4bNIr+ICl8NeY\npym30mc7VBzXc/FwKwhuFbr62X3fXfu4FG48wlHn4mVF2UZZb3YZv2eXucG/TY2w\nLhJhD18z7GuDSUs2uka6V+6MZgEIw4SkJUka9PLTWt0CggEBAIuckOHzMY7oAlAR\nm0a3jG4od2KAwCQnjXKew4ZlegV+pinQUBNEOHrPNeiAr8cBafAVqPPkc+iwUJfQ\nUeHDvebfxLo81Vrxhs4CA3Jfa2yn02MOlz9iCp937HeR4HgqQmdqceqzGRvGVl0a\nlnYueb0X4qfZsGHDtTD6WD920psVVdWq+3VD37guWF7S2BXiPbAvGTt0kAi/ByKH\nKk6UN97/EmyOJkEYpBc1dzup4s6eBirUNXxiyWqhwEZJAJdktutu79q34cLACAVv\nc6FxWCzIuSX2ulGGtIT49hULGYyHidaiDhijMt1xQ4307TepvQ0P56z6sZ4YbDKo\n5V9pen0CggEAEiiyBSlEszmicgyIN61FqqWY1+fRtXffO1W63Sb4m3m1qROsYyts\nMkjFO2MIZEsEAHpvVDA7kwP/W1ejUVZoN3zB7kP9fe+MYl46nUWzkeySH2V7KUeF\n0O+ZAG68GIeClKNNNkAknfIgd6bG6mipnKCfyi6kZnxHsC84GaFlF0J0yahsk9VO\nHULvjhZukz+QGzkWUIsCJY6uMU+T+IGacwRyGD+8kUt/HlwIiuEAVavKZxLoKrmH\nYC7BKu0Js7dumRXBPwyVdCO0F6ksHzjiGjmvdOvpywmjOFd1yTmGyUEaGnWPzeiE\n5JOmBLN8XUBUyUl/pHBfJzWpQ99vyLNFWQKCAQBTx6giDE+wcnsm496TG4FkgwBe\nf2Tly+2wckrRJyQmm9PLwlWSqiurIHdDOk+a36XG6Cd5oQ7f+iHa9/6x1hC7H+1Q\nYmA3RK55V3k8OnHyPua6WxbevTJWg9MnDqbkQCyPJfetGRvMrgTyo1KyEpSi905V\nHw0pxYl0d1se69oh6jkJ8+dFytnPyol+Qff9l3sZhuhh5SgANaP4KV5s0hN2EzxI\nvmo9QEH1O14lC5i3SRrJ9pK4nZsEIqU0i6jy0rt2V7/knROHopX2WLjF1Mo/9uCW\nXHuEFykjXDexhrgCVCiTuXyC55QuG0lWY7li17NweVrMWkpDSzCoqcfP9B8l\n-----END RSA PRIVATE KEY-----\n",
            "public_key_fingerprint_md5": "7b:57:85:10:dc:9e:fe:ac:48:41:3c:96:f6:48:7d:be",
            "public_key_openssh": "ssh-rsa AAAAB3NzaC1yc2EAAAADAQABAAACAQDUEp+Cp0ohwJf0q7IralVq/4JDTuJPDqq3SngxTd6JXDS2UOipMGZf5rP7aDAYk9XbXa7fixVesxM6KSTiSq0twQi9dcHdnV96WAJ5YoF25QQZ9j8CROSfjMWldlk5NAbR736z3ahfNbRnmCFEgIMZIryJOdaVp+blXNGr12oFO+LCQFP/PIyY5Lf0ET1B2/RXAf1YzGlDaM+Q0MDqDtE09NLWbKH6xjgt/IHBvVgE+hysjpHUtd8zS6QWj7bpk6JOBoKYlxJOd/Aw1db4/28LmCVoxCOX+AzSbAwNTwuf5WgbCW7ut9sHOOMml4wHe3gqwXXiNdk0X0dc1BjINNnqOpvQdsH8qGhPL7RK5d/rA8qCZiQt9Q5F9Gq3rzEeXXHozPlrcr30ahW5XOAsOB/hZuVTsN+lWF0nYJYtZsJNb+FGY3efiqfTyMdMQTdA8brnrm8BNFBhBN6RiyC/RouvRvFcvtXR1VRiEKfqW5RgSTYxV8nPMSiYA4m1idm2emnRcQQP3h9NeFJ/lp4fAzmKQQP3g4qv8tw7Ww6CaOJLO0OmtjXuGHd1c+ClLqbP44v21n2MsapCP54pkshOBColnr6icAo56DIsSM6NuA8YD+VH2bhKgJt6mAG5+19mdEJCE0WwhMhamjXX23r7XM0FrLT2eSMvFKcKvAebJPbI/w==\n",
            "public_key_pem": "-----BEGIN PUBLIC KEY-----\nMIICIjANBgkqhkiG9w0BAQEFAAOCAg8AMIICCgKCAgEA1BKfgqdKIcCX9KuyK2pV\nav+CQ07iTw6qt0p4MU3eiVw0tlDoqTBmX+az+2gwGJPV212u34sVXrMTOikk4kqt\nLcEIvXXB3Z1felgCeWKBduUEGfY/AkTkn4zFpXZZOTQG0e9+s92oXzW0Z5ghRICD\nGSK8iTnWlafm5VzRq9dqBTviwkBT/zyMmOS39BE9Qdv0VwH9WMxpQ2jPkNDA6g7R\nNPTS1myh+sY4LfyBwb1YBPocrI6R1LXfM0ukFo+26ZOiTgaCmJcSTnfwMNXW+P9v\nC5glaMQjl/gM0mwMDU8Ln+VoGwlu7rfbBzjjJpeMB3t4KsF14jXZNF9HXNQYyDTZ\n6jqb0HbB/KhoTy+0SuXf6wPKgmYkLfUORfRqt68xHl1x6Mz5a3K99GoVuVzgLDgf\n4WblU7DfpVhdJ2CWLWbCTW/hRmN3n4qn08jHTEE3QPG6565vATRQYQTekYsgv0aL\nr0bxXL7V0dVUYhCn6luUYEk2MVfJzzEomAOJtYnZtnpp0XEED94fTXhSf5aeHwM5\nikED94OKr/LcO1sOgmjiSztDprY17hh3dXPgpS6mz+OL9tZ9jLGqQj+eKZLITgQq\nJZ6+onAKOegyLEjOjbgPGA/lR9m4SoCbepgBuftfZnRCQhNFsITIWpo119t6+1zN\nBay09nkjLxSnCrwHmyT2yP8CAwEAAQ==\n-----END PUBLIC KEY-----\n",
            "rsa_bits": 4096
          },
          "sensitive_attributes": [],
          "private": "bnVsbA=="
        }
      ]
    }
  ],
  "check_results": null
}
